// !$*UTF8*$!
{
	archiveVersion = 1;
	classes = {
	};
	objectVersion = 77;
	objects = {

/* Begin PBXContainerItemProxy section */
		543EA8EF2F587E1700A9FCC4 /* PBXContainerItemProxy */ = {
			isa = PBXContainerItemProxy;
			containerPortal = 543EA8D92F587E1500A9FCC4 /* Project object */;
			proxyType = 1;
			remoteGlobalIDString = 543EA8E02F587E1500A9FCC4;
			remoteInfo = "Anime Quote Generator";
		};
		543EA8F92F587E1700A9FCC4 /* PBXContainerItemProxy */ = {
			isa = PBXContainerItemProxy;
			containerPortal = 543EA8D92F587E1500A9FCC4 /* Project object */;
			proxyType = 1;
			remoteGlobalIDString = 543EA8E02F587E1500A9FCC4;
			remoteInfo = "Anime Quote Generator";
		};
/* End PBXContainerItemProxy section */

/* Begin PBXFileReference section */
		543EA8E12F587E1500A9FCC4 /* Anime Quote Generator.app */ = {isa = PBXFileReference; explicitFileType = wrapper.application; includeInIndex = 0; path = "Anime Quote Generator.app"; sourceTree = BUILT_PRODUCTS_DIR; };
		543EA8EE2F587E1700A9FCC4 /* Anime Quote GeneratorTests.xctest */ = {isa = PBXFileReference; explicitFileType = wrapper.cfbundle; includeInIndex = 0; path = "Anime Quote GeneratorTests.xctest"; sourceTree = BUILT_PRODUCTS_DIR; };
		543EA8F82F587E1700A9FCC4 /* Anime Quote GeneratorUITests.xctest */ = {isa = PBXFileReference; explicitFileType = wrapper.cfbundle; includeInIndex = 0; path = "Anime Quote GeneratorUITests.xctest"; sourceTree = BUILT_PRODUCTS_DIR; };
/* End PBXFileReference section */

/* Begin PBXFileSystemSynchronizedRootGroup section */
		543EA8E32F587E1500A9FCC4 /* Anime Quote Generator */ = {
			isa = PBXFileSystemSynchronizedRootGroup;
			path = "Anime Quote Generator";
			sourceTree = "<group>";
		};
		543EA8F12F587E1700A9FCC4 /* Anime Quote GeneratorTests */ = {
			isa = PBXFileSystemSynchronizedRootGroup;
			path = "Anime Quote GeneratorTests";
			sourceTree = "<group>";
		};
		543EA8FB2F587E1700A9FCC4 /* Anime Quote GeneratorUITests */ = {
			isa = PBXFileSystemSynchronizedRootGroup;
			path = "Anime Quote GeneratorUITests";
			sourceTree = "<group>";
		};
/* End PBXFileSystemSynchronizedRootGroup section */

/* Begin PBXFrameworksBuildPhase section */
		543EA8DE2F587E1500A9FCC4 /* Frameworks */ = {
			isa = PBXFrameworksBuildPhase;
			buildActionMask = 2147483647;
			files = (
			);
			runOnlyForDeploymentPostprocessing = 0;
		};
		543EA8EB2F587E1700A9FCC4 /* Frameworks */ = {
			isa = PBXFrameworksBuildPhase;
			buildActionMask = 2147483647;
			files = (
			);
			runOnlyForDeploymentPostprocessing = 0;
		};
		543EA8F52F587E1700A9FCC4 /* Frameworks */ = {
			isa = PBXFrameworksBuildPhase;
			buildActionMask = 2147483647;
			files = (
			);
			runOnlyForDeploymentPostprocessing = 0;
		};
/* End PBXFrameworksBuildPhase section */

/* Begin PBXGroup section */
		543EA8D82F587E1500A9FCC4 = {
			isa = PBXGroup;
			children = (
				543EA8E32F587E1500A9FCC4 /* Anime Quote Generator */,
				543EA8F12F587E1700A9FCC4 /* Anime Quote GeneratorTests */,
				543EA8FB2F587E1700A9FCC4 /* Anime Quote GeneratorUITests */,
				543EA8E22F587E1500A9FCC4 /* Products */,
			);
			sourceTree = "<group>";
		};
		543EA8E22F587E1500A9FCC4 /* Products */ = {
			isa = PBXGroup;
			children = (
				543EA8E12F587E1500A9FCC4 /* Anime Quote Generator.app */,
				543EA8EE2F587E1700A9FCC4 /* Anime Quote GeneratorTests.xctest */,
				543EA8F82F587E1700A9FCC4 /* Anime Quote GeneratorUITests.xctest */,
			);
			name = Products;
			sourceTree = "<group>";
		};
/* End PBXGroup section */

/* Begin PBXNativeTarget section */
		543EA8E02F587E1500A9FCC4 /* Anime Quote Generator */ = {
			isa = PBXNativeTarget;
			buildConfigurationList = 543EA9022F587E1700A9FCC4 /* Build configuration list for PBXNativeTarget "Anime Quote Generator" */;
			buildPhases = (
				543EA8DD2F587E1500A9FCC4 /* Sources */,
				543EA8DE2F587E1500A9FCC4 /* Frameworks */,
				543EA8DF2F587E1500A9FCC4 /* Resources */,
			);
			buildRules = (
			);
			dependencies = (
			);
			fileSystemSynchronizedGroups = (
				543EA8E32F587E1500A9FCC4 /* Anime Quote Generator */,
			);
			name = "Anime Quote Generator";
			packageProductDependencies = (
			);
			productName = "Anime Quote Generator";
			productReference = 543EA8E12F587E1500A9FCC4 /* Anime Quote Generator.app */;
			productType = "com.apple.product-type.application";
		};
		543EA8ED2F587E1700A9FCC4 /* Anime Quote GeneratorTests */ = {
			isa = PBXNativeTarget;
			buildConfigurationList = 543EA9052F587E1700A9FCC4 /* Build configuration list for PBXNativeTarget "Anime Quote GeneratorTests" */;
			buildPhases = (
				543EA8EA2F587E1700A9FCC4 /* Sources */,
				543EA8EB2F587E1700A9FCC4 /* Frameworks */,
				543EA8EC2F587E1700A9FCC4 /* Resources */,
			);
			buildRules = (
			);
			dependencies = (
				543EA8F02F587E1700A9FCC4 /* PBXTargetDependency */,
			);
			fileSystemSynchronizedGroups = (
				543EA8F12F587E1700A9FCC4 /* Anime Quote GeneratorTests */,
			);
			name = "Anime Quote GeneratorTests";
			packageProductDependencies = (
			);
			productName = "Anime Quote GeneratorTests";
			productReference = 543EA8EE2F587E1700A9FCC4 /* Anime Quote GeneratorTests.xctest */;
			productType = "com.apple.product-type.bundle.unit-test";
		};
		543EA8F72F587E1700A9FCC4 /* Anime Quote GeneratorUITests */ = {
			isa = PBXNativeTarget;
			buildConfigurationList = 543EA9082F587E1700A9FCC4 /* Build configuration list for PBXNativeTarget "Anime Quote GeneratorUITests" */;
			buildPhases = (
				543EA8F42F587E1700A9FCC4 /* Sources */,
				543EA8F52F587E1700A9FCC4 /* Frameworks */,
				543EA8F62F587E1700A9FCC4 /* Resources */,
			);
			buildRules = (
			);
			dependencies = (
				543EA8FA2F587E1700A9FCC4 /* PBXTargetDependency */,
			);
			fileSystemSynchronizedGroups = (
				543EA8FB2F587E1700A9FCC4 /* Anime Quote GeneratorUITests */,
			);
			name = "Anime Quote GeneratorUITests";
			packageProductDependencies = (
			);
			productName = "Anime Quote GeneratorUITests";
			productReference = 543EA8F82F587E1700A9FCC4 /* Anime Quote GeneratorUITests.xctest */;
			productType = "com.apple.product-type.bundle.ui-testing";
		};
/* End PBXNativeTarget section */

/* Begin PBXProject section */
		543EA8D92F587E1500A9FCC4 /* Project object */ = {
			isa = PBXProject;
			attributes = {
				BuildIndependentTargetsInParallel = 1;
				LastSwiftUpdateCheck = 2630;
				LastUpgradeCheck = 2630;
				TargetAttributes = {
					543EA8E02F587E1500A9FCC4 = {
						CreatedOnToolsVersion = 26.3;
					};
					543EA8ED2F587E1700A9FCC4 = {
						CreatedOnToolsVersion = 26.3;
						TestTargetID = 543EA8E02F587E1500A9FCC4;
					};
					543EA8F72F587E1700A9FCC4 = {
						CreatedOnToolsVersion = 26.3;
						TestTargetID = 543EA8E02F587E1500A9FCC4;
					};
				};
			};
			buildConfigurationList = 543EA8DC2F587E1500A9FCC4 /* Build configuration list for PBXProject "Anime Quote Generator" */;
			developmentRegion = en;
			hasScannedForEncodings = 0;
			knownRegions = (
				en,
				Base,
			);
			mainGroup = 543EA8D82F587E1500A9FCC4;
			minimizedProjectReferenceProxies = 1;
			preferredProjectObjectVersion = 77;
			productRefGroup = 543EA8E22F587E1500A9FCC4 /* Products */;
			projectDirPath = "";
			projectRoot = "";
			targets = (
				543EA8E02F587E1500A9FCC4 /* Anime Quote Generator */,
				543EA8ED2F587E1700A9FCC4 /* Anime Quote GeneratorTests */,
				543EA8F72F587E1700A9FCC4 /* Anime Quote GeneratorUITests */,
			);
		};
/* End PBXProject section */

/* Begin PBXResourcesBuildPhase section */
		543EA8DF2F587E1500A9FCC4 /* Resources */ = {
			isa = PBXResourcesBuildPhase;
			buildActionMask = 2147483647;
			files = (
			);
			runOnlyForDeploymentPostprocessing = 0;
		};
		543EA8EC2F587E1700A9FCC4 /* Resources */ = {
			isa = PBXResourcesBuildPhase;
			buildActionMask = 2147483647;
			files = (
			);
			runOnlyForDeploymentPostprocessing = 0;
		};
		543EA8F62F587E1700A9FCC4 /* Resources */ = {
			isa = PBXResourcesBuildPhase;
			buildActionMask = 2147483647;
			files = (
			);
			runOnlyForDeploymentPostprocessing = 0;
		};
/* End PBXResourcesBuildPhase section */

/* Begin PBXSourcesBuildPhase section */
		543EA8DD2F587E1500A9FCC4 /* Sources */ = {
			isa = PBXSourcesBuildPhase;
			buildActionMask = 2147483647;
			files = (
			);
			runOnlyForDeploymentPostprocessing = 0;
		};
		543EA8EA2F587E1700A9FCC4 /* Sources */ = {
			isa = PBXSourcesBuildPhase;
			buildActionMask = 2147483647;
			files = (
			);
			runOnlyForDeploymentPostprocessing = 0;
		};
		543EA8F42F587E1700A9FCC4 /* Sources */ = {
			isa = PBXSourcesBuildPhase;
			buildActionMask = 2147483647;
			files = (
			);
			runOnlyForDeploymentPostprocessing = 0;
		};
/* End PBXSourcesBuildPhase section */

/* Begin PBXTargetDependency section */
		543EA8F02F587E1700A9FCC4 /* PBXTargetDependency */ = {
			isa = PBXTargetDependency;
			target = 543EA8E02F587E1500A9FCC4 /* Anime Quote Generator */;
			targetProxy = 543EA8EF2F587E1700A9FCC4 /* PBXContainerItemProxy */;
		};
		543EA8FA2F587E1700A9FCC4 /* PBXTargetDependency */ = {
			isa = PBXTargetDependency;
			target = 543EA8E02F587E1500A9FCC4 /* Anime Quote Generator */;
			targetProxy = 543EA8F92F587E1700A9FCC4 /* PBXContainerItemProxy */;
		};
/* End PBXTargetDependency section */

/* Begin XCBuildConfiguration section */
		543EA9002F587E1700A9FCC4 /* Debug */ = {
			isa = XCBuildConfiguration;
			buildSettings = {
				ALWAYS_SEARCH_USER_PATHS = NO;
				ASSETCATALOG_COMPILER_GENERATE_SWIFT_ASSET_SYMBOL_EXTENSIONS = YES;
				CLANG_ANALYZER_NONNULL = YES;
				CLANG_ANALYZER_NUMBER_OBJECT_CONVERSION = YES_AGGRESSIVE;
				CLANG_CXX_LANGUAGE_STANDARD = "gnu++20";
				CLANG_ENABLE_MODULES = YES;
				CLANG_ENABLE_OBJC_ARC = YES;
				CLANG_ENABLE_OBJC_WEAK = YES;
				CLANG_WARN_BLOCK_CAPTURE_AUTORELEASING = YES;
				CLANG_WARN_BOOL_CONVERSION = YES;
				CLANG_WARN_COMMA = YES;
				CLANG_WARN_CONSTANT_CONVERSION = YES;
				CLANG_WARN_DEPRECATED_OBJC_IMPLEMENTATIONS = YES;
				CLANG_WARN_DIRECT_OBJC_ISA_USAGE = YES_ERROR;
				CLANG_WARN_DOCUMENTATION_COMMENTS = YES;
				CLANG_WARN_EMPTY_BODY = YES;
				CLANG_WARN_ENUM_CONVERSION = YES;
				CLANG_WARN_INFINITE_RECURSION = YES;
				CLANG_WARN_INT_CONVERSION = YES;
				CLANG_WARN_NON_LITERAL_NULL_CONVERSION = YES;
				CLANG_WARN_OBJC_IMPLICIT_RETAIN_SELF = YES;
				CLANG_WARN_OBJC_LITERAL_CONVERSION = YES;
				CLANG_WARN_OBJC_ROOT_CLASS = YES_ERROR;
				CLANG_WARN_QUOTED_INCLUDE_IN_FRAMEWORK_HEADER = YES;
				CLANG_WARN_RANGE_LOOP_ANALYSIS = YES;
				CLANG_WARN_STRICT_PROTOTYPES = YES;
				CLANG_WARN_SUSPICIOUS_MOVE = YES;
				CLANG_WARN_UNGUARDED_AVAILABILITY = YES_AGGRESSIVE;
				CLANG_WARN_UNREACHABLE_CODE = YES;
				CLANG_WARN__DUPLICATE_METHOD_MATCH = YES;
				COPY_PHASE_STRIP = NO;
				DEBUG_INFORMATION_FORMAT = dwarf;
				DEVELOPMENT_TEAM = N8K7U35P26;
				ENABLE_STRICT_OBJC_MSGSEND = YES;
				ENABLE_TESTABILITY = YES;
				ENABLE_USER_SCRIPT_SANDBOXING = YES;
				GCC_C_LANGUAGE_STANDARD = gnu17;
				GCC_DYNAMIC_NO_PIC = NO;
				GCC_NO_COMMON_BLOCKS = YES;
				GCC_OPTIMIZATION_LEVEL = 0;
				GCC_PREPROCESSOR_DEFINITIONS = (
					"DEBUG=1",
					"$(inherited)",
				);
				GCC_WARN_64_TO_32_BIT_CONVERSION = YES;
				GCC_WARN_ABOUT_RETURN_TYPE = YES_ERROR;
				GCC_WARN_UNDECLARED_SELECTOR = YES;
				GCC_WARN_UNINITIALIZED_AUTOS = YES_AGGRESSIVE;
				GCC_WARN_UNUSED_FUNCTION = YES;
				GCC_WARN_UNUSED_VARIABLE = YES;
				IPHONEOS_DEPLOYMENT_TARGET = 26.2;
				LOCALIZATION_PREFERS_STRING_CATALOGS = YES;
				MTL_ENABLE_DEBUG_INFO = INCLUDE_SOURCE;
				MTL_FAST_MATH = YES;
				ONLY_ACTIVE_ARCH = YES;
				SDKROOT = iphoneos;
				SWIFT_ACTIVE_COMPILATION_CONDITIONS = "DEBUG $(inherited)";
				SWIFT_OPTIMIZATION_LEVEL = "-Onone";
			};
			name = Debug;
		};
		543EA9012F587E1700A9FCC4 /* Release */ = {
			isa = XCBuildConfiguration;
			buildSettings = {
				ALWAYS_SEARCH_USER_PATHS = NO;
				ASSETCATALOG_COMPILER_GENERATE_SWIFT_ASSET_SYMBOL_EXTENSIONS = YES;
				CLANG_ANALYZER_NONNULL = YES;
				CLANG_ANALYZER_NUMBER_OBJECT_CONVERSION = YES_AGGRESSIVE;
				CLANG_CXX_LANGUAGE_STANDARD = "gnu++20";
				CLANG_ENABLE_MODULES = YES;
				CLANG_ENABLE_OBJC_ARC = YES;
				CLANG_ENABLE_OBJC_WEAK = YES;
				CLANG_WARN_BLOCK_CAPTURE_AUTORELEASING = YES;
				CLANG_WARN_BOOL_CONVERSION = YES;
				CLANG_WARN_COMMA = YES;
				CLANG_WARN_CONSTANT_CONVERSION = YES;
				CLANG_WARN_DEPRECATED_OBJC_IMPLEMENTATIONS = YES;
				CLANG_WARN_DIRECT_OBJC_ISA_USAGE = YES_ERROR;
				CLANG_WARN_DOCUMENTATION_COMMENTS = YES;
				CLANG_WARN_EMPTY_BODY = YES;
				CLANG_WARN_ENUM_CONVERSION = YES;
				CLANG_WARN_INFINITE_RECURSION = YES;
				CLANG_WARN_INT_CONVERSION = YES;
				CLANG_WARN_NON_LITERAL_NULL_CONVERSION = YES;
				CLANG_WARN_OBJC_IMPLICIT_RETAIN_SELF = YES;
				CLANG_WARN_OBJC_LITERAL_CONVERSION = YES;
				CLANG_WARN_OBJC_ROOT_CLASS = YES_ERROR;
				CLANG_WARN_QUOTED_INCLUDE_IN_FRAMEWORK_HEADER = YES;
				CLANG_WARN_RANGE_LOOP_ANALYSIS = YES;
				CLANG_WARN_STRICT_PROTOTYPES = YES;
				CLANG_WARN_SUSPICIOUS_MOVE = YES;
				CLANG_WARN_UNGUARDED_AVAILABILITY = YES_AGGRESSIVE;
				CLANG_WARN_UNREACHABLE_CODE = YES;
				CLANG_WARN__DUPLICATE_METHOD_MATCH = YES;
				COPY_PHASE_STRIP = NO;
				DEBUG_INFORMATION_FORMAT = "dwarf-with-dsym";
				DEVELOPMENT_TEAM = N8K7U35P26;
				ENABLE_NS_ASSERTIONS = NO;
				ENABLE_STRICT_OBJC_MSGSEND = YES;
				ENABLE_USER_SCRIPT_SANDBOXING = YES;
				GCC_C_LANGUAGE_STANDARD = gnu17;
				GCC_NO_COMMON_BLOCKS = YES;
				GCC_WARN_64_TO_32_BIT_CONVERSION = YES;
				GCC_WARN_ABOUT_RETURN_TYPE = YES_ERROR;
				GCC_WARN_UNDECLARED_SELECTOR = YES;
				GCC_WARN_UNINITIALIZED_AUTOS = YES_AGGRESSIVE;
				GCC_WARN_UNUSED_FUNCTION = YES;
				GCC_WARN_UNUSED_VARIABLE = YES;
				IPHONEOS_DEPLOYMENT_TARGET = 26.2;
				LOCALIZATION_PREFERS_STRING_CATALOGS = YES;
				MTL_ENABLE_DEBUG_INFO = NO;
				MTL_FAST_MATH = YES;
				SDKROOT = iphoneos;
				SWIFT_COMPILATION_MODE = wholemodule;
				VALIDATE_PRODUCT = YES;
			};
			name = Release;
		};
		543EA9032F587E1700A9FCC4 /* Debug */ = {
			isa = XCBuildConfiguration;
			buildSettings = {
				ASSETCATALOG_COMPILER_APPICON_NAME = AnimeQuoteGenerator;
				ASSETCATALOG_COMPILER_GLOBAL_ACCENT_COLOR_NAME = AccentColor;
				CODE_SIGN_STYLE = Automatic;
				CURRENT_PROJECT_VERSION = 1;
				DEVELOPMENT_TEAM = N8K7U35P26;
				ENABLE_PREVIEWS = YES;
				GENERATE_INFOPLIST_FILE = YES;
				INFOPLIST_KEY_UIApplicationSceneManifest_Generation = YES;
				INFOPLIST_KEY_UIApplicationSupportsIndirectInputEvents = YES;
				INFOPLIST_KEY_UILaunchScreen_Generation = YES;
				INFOPLIST_KEY_UISupportedInterfaceOrientations = UIInterfaceOrientationPortrait;
				INFOPLIST_KEY_UISupportedInterfaceOrientations_iPad = "UIInterfaceOrientationLandscapeLeft UIInterfaceOrientationLandscapeRight UIInterfaceOrientationPortrait UIInterfaceOrientationPortraitUpsideDown";
				IPHONEOS_DEPLOYMENT_TARGET = 18.6;
				LD_RUNPATH_SEARCH_PATHS = (
					"$(inherited)",
					"@executable_path/Frameworks",
				);
				MARKETING_VERSION = 1.0;
				PRODUCT_BUNDLE_IDENTIFIER = "com.example.abdul.Anime-Quote-Generator";
				PRODUCT_NAME = "$(TARGET_NAME)";
				STRING_CATALOG_GENERATE_SYMBOLS = YES;
				SWIFT_APPROACHABLE_CONCURRENCY = YES;
				SWIFT_DEFAULT_ACTOR_ISOLATION = MainActor;
				SWIFT_EMIT_LOC_STRINGS = YES;
				SWIFT_UPCOMING_FEATURE_MEMBER_IMPORT_VISIBILITY = YES;
				SWIFT_VERSION = 5.0;
				TARGETED_DEVICE_FAMILY = "1,2";
			};
			name = Debug;
		};
		543EA9042F587E1700A9FCC4 /* Release */ = {
			isa = XCBuildConfiguration;
			buildSettings = {
				ASSETCATALOG_COMPILER_APPICON_NAME = AnimeQuoteGenerator;
				ASSETCATALOG_COMPILER_GLOBAL_ACCENT_COLOR_NAME = AccentColor;
				CODE_SIGN_STYLE = Automatic;
				CURRENT_PROJECT_VERSION = 1;
				DEVELOPMENT_TEAM = N8K7U35P26;
				ENABLE_PREVIEWS = YES;
				GENERATE_INFOPLIST_FILE = YES;
				INFOPLIST_KEY_UIApplicationSceneManifest_Generation = YES;
				INFOPLIST_KEY_UIApplicationSupportsIndirectInputEvents = YES;
				INFOPLIST_KEY_UILaunchScreen_Generation = YES;
				INFOPLIST_KEY_UISupportedInterfaceOrientations = UIInterfaceOrientationPortrait;
				INFOPLIST_KEY_UISupportedInterfaceOrientations_iPad = "UIInterfaceOrientationLandscapeLeft UIInterfaceOrientationLandscapeRight UIInterfaceOrientationPortrait UIInterfaceOrientationPortraitUpsideDown";
				IPHONEOS_DEPLOYMENT_TARGET = 18.6;
				LD_RUNPATH_SEARCH_PATHS = (
					"$(inherited)",
					"@executable_path/Frameworks",
				);
				MARKETING_VERSION = 1.0;
				PRODUCT_BUNDLE_IDENTIFIER = "com.example.abdul.Anime-Quote-Generator";
				PRODUCT_NAME = "$(TARGET_NAME)";
				STRING_CATALOG_GENERATE_SYMBOLS = YES;
				SWIFT_APPROACHABLE_CONCURRENCY = YES;
				SWIFT_DEFAULT_ACTOR_ISOLATION = MainActor;
				SWIFT_EMIT_LOC_STRINGS = YES;
				SWIFT_UPCOMING_FEATURE_MEMBER_IMPORT_VISIBILITY = YES;
				SWIFT_VERSION = 5.0;
				TARGETED_DEVICE_FAMILY = "1,2";
			};
			name = Release;
		};
		543EA9062F587E1700A9FCC4 /* Debug */ = {
			isa = XCBuildConfiguration;
			buildSettings = {
				BUNDLE_LOADER = "$(TEST_HOST)";
				CODE_SIGN_STYLE = Automatic;
				CURRENT_PROJECT_VERSION = 1;
				DEVELOPMENT_TEAM = N8K7U35P26;
				GENERATE_INFOPLIST_FILE = YES;
				IPHONEOS_DEPLOYMENT_TARGET = 26.2;
				MARKETING_VERSION = 1.0;
				PRODUCT_BUNDLE_IDENTIFIER = "com.example.abdul.Anime-Quote-GeneratorTests";
				PRODUCT_NAME = "$(TARGET_NAME)";
				STRING_CATALOG_GENERATE_SYMBOLS = NO;
				SWIFT_APPROACHABLE_CONCURRENCY = YES;
				SWIFT_EMIT_LOC_STRINGS = NO;
				SWIFT_UPCOMING_FEATURE_MEMBER_IMPORT_VISIBILITY = YES;
				SWIFT_VERSION = 5.0;
				TARGETED_DEVICE_FAMILY = "1,2";
				TEST_HOST = "$(BUILT_PRODUCTS_DIR)/Anime Quote Generator.app/$(BUNDLE_EXECUTABLE_FOLDER_PATH)/Anime Quote Generator";
			};
			name = Debug;
		};
		543EA9072F587E1700A9FCC4 /* Release */ = {
			isa = XCBuildConfiguration;
			buildSettings = {
				BUNDLE_LOADER = "$(TEST_HOST)";
				CODE_SIGN_STYLE = Automatic;
				CURRENT_PROJECT_VERSION = 1;
				DEVELOPMENT_TEAM = N8K7U35P26;
				GENERATE_INFOPLIST_FILE = YES;
				IPHONEOS_DEPLOYMENT_TARGET = 26.2;
				MARKETING_VERSION = 1.0;
				PRODUCT_BUNDLE_IDENTIFIER = "com.example.abdul.Anime-Quote-GeneratorTests";
				PRODUCT_NAME = "$(TARGET_NAME)";
				STRING_CATALOG_GENERATE_SYMBOLS = NO;
				SWIFT_APPROACHABLE_CONCURRENCY = YES;
				SWIFT_EMIT_LOC_STRINGS = NO;
				SWIFT_UPCOMING_FEATURE_MEMBER_IMPORT_VISIBILITY = YES;
				SWIFT_VERSION = 5.0;
				TARGETED_DEVICE_FAMILY = "1,2";
				TEST_HOST = "$(BUILT_PRODUCTS_DIR)/Anime Quote Generator.app/$(BUNDLE_EXECUTABLE_FOLDER_PATH)/Anime Quote Generator";
			};
			name = Release;
		};
		543EA9092F587E1700A9FCC4 /* Debug */ = {
			isa = XCBuildConfiguration;
			buildSettings = {
				CODE_SIGN_STYLE = Automatic;
				CURRENT_PROJECT_VERSION = 1;
				DEVELOPMENT_TEAM = N8K7U35P26;
				GENERATE_INFOPLIST_FILE = YES;
				MARKETING_VERSION = 1.0;
				PRODUCT_BUNDLE_IDENTIFIER = "com.example.abdul.Anime-Quote-GeneratorUITests";
				PRODUCT_NAME = "$(TARGET_NAME)";
				STRING_CATALOG_GENERATE_SYMBOLS = NO;
				SWIFT_APPROACHABLE_CONCURRENCY = YES;
				SWIFT_EMIT_LOC_STRINGS = NO;
				SWIFT_UPCOMING_FEATURE_MEMBER_IMPORT_VISIBILITY = YES;
				SWIFT_VERSION = 5.0;
				TARGETED_DEVICE_FAMILY = "1,2";
				TEST_TARGET_NAME = "Anime Quote Generator";
			};
			name = Debug;
		};
		543EA90A2F587E1700A9FCC4 /* Release */ = {
			isa = XCBuildConfiguration;
			buildSettings = {
				CODE_SIGN_STYLE = Automatic;
				CURRENT_PROJECT_VERSION = 1;
				DEVELOPMENT_TEAM = N8K7U35P26;
				GENERATE_INFOPLIST_FILE = YES;
				MARKETING_VERSION = 1.0;
				PRODUCT_BUNDLE_IDENTIFIER = "com.example.abdul.Anime-Quote-GeneratorUITests";
				PRODUCT_NAME = "$(TARGET_NAME)";
				STRING_CATALOG_GENERATE_SYMBOLS = NO;
				SWIFT_APPROACHABLE_CONCURRENCY = YES;
				SWIFT_EMIT_LOC_STRINGS = NO;
				SWIFT_UPCOMING_FEATURE_MEMBER_IMPORT_VISIBILITY = YES;
				SWIFT_VERSION = 5.0;
				TARGETED_DEVICE_FAMILY = "1,2";
				TEST_TARGET_NAME = "Anime Quote Generator";
			};
			name = Release;
		};
/* End XCBuildConfiguration section */

/* Begin XCConfigurationList section */
		543EA8DC2F587E1500A9FCC4 /* Build configuration list for PBXProject "Anime Quote Generator" */ = {
			isa = XCConfigurationList;
			buildConfigurations = (
				543EA9002F587E1700A9FCC4 /* Debug */,
				543EA9012F587E1700A9FCC4 /* Release */,
			);
			defaultConfigurationIsVisible = 0;
			defaultConfigurationName = Release;
		};
		543EA9022F587E1700A9FCC4 /* Build configuration list for PBXNativeTarget "Anime Quote Generator" */ = {
			isa = XCConfigurationList;
			buildConfigurations = (
				543EA9032F587E1700A9FCC4 /* Debug */,
				543EA9042F587E1700A9FCC4 /* Release */,
			);
			defaultConfigurationIsVisible = 0;
			defaultConfigurationName = Release;
		};
		543EA9052F587E1700A9FCC4 /* Build configuration list for PBXNativeTarget "Anime Quote GeneratorTests" */ = {
			isa = XCConfigurationList;
			buildConfigurations = (
				543EA9062F587E1700A9FCC4 /* Debug */,
				543EA9072F587E1700A9FCC4 /* Release */,
			);
			defaultConfigurationIsVisible = 0;
			defaultConfigurationName = Release;
		};
		543EA9082F587E1700A9FCC4 /* Build configuration list for PBXNativeTarget "Anime Quote GeneratorUITests" */ = {
			isa = XCConfigurationList;
			buildConfigurations = (
				543EA9092F587E1700A9FCC4 /* Debug */,
				543EA90A2F587E1700A9FCC4 /* Release */,
			);
			defaultConfigurationIsVisible = 0;
			defaultConfigurationName = Release;
		};
/* End XCConfigurationList section */
	};
	rootObject = 543EA8D92F587E1500A9FCC4 /* Project object */;
}
